// !$*UTF8*$!
{
	archiveVersion = 1;
	classes = {
	};
	objectVersion = 46;
	objects = {

/* Begin PBXBuildFile section */
		CBB425791879E381006E9EB4 /* Foundation.framework in Frameworks */ = {isa = PBXBuildFile; fileRef = CBB425781879E381006E9EB4 /* Foundation.framework */; };
		CBB4257B1879E381006E9EB4 /* CoreGraphics.framework in Frameworks */ = {isa = PBXBuildFile; fileRef = CBB4257A1879E381006E9EB4 /* CoreGraphics.framework */; };
		CBB4257D1879E381006E9EB4 /* UIKit.framework in Frameworks */ = {isa = PBXBuildFile; fileRef = CBB4257C1879E381006E9EB4 /* UIKit.framework */; };
		CBB4257F1879E381006E9EB4 /* CoreData.framework in Frameworks */ = {isa = PBXBuildFile; fileRef = CBB4257E1879E381006E9EB4 /* CoreData.framework */; };
		CBB425851879E381006E9EB4 /* InfoPlist.strings in Resources */ = {isa = PBXBuildFile; fileRef = CBB425831879E381006E9EB4 /* InfoPlist.strings */; };
		CBB425871879E381006E9EB4 /* main.m in Sources */ = {isa = PBXBuildFile; fileRef = CBB425861879E381006E9EB4 /* main.m */; };
		CBB4258B1879E381006E9EB4 /* AppDelegate.m in Sources */ = {isa = PBXBuildFile; fileRef = CBB4258A1879E381006E9EB4 /* AppDelegate.m */; };
		CBB4258E1879E381006E9EB4 /* Main.storyboard in Resources */ = {isa = PBXBuildFile; fileRef = CBB4258C1879E381006E9EB4 /* Main.storyboard */; };
		CBB425911879E381006E9EB4 /* HelloBeacon.xcdatamodeld in Sources */ = {isa = PBXBuildFile; fileRef = CBB4258F1879E381006E9EB4 /* HelloBeacon.xcdatamodeld */; };
		CBB425941879E381006E9EB4 /* MasterViewController.m in Sources */ = {isa = PBXBuildFile; fileRef = CBB425931879E381006E9EB4 /* MasterViewController.m */; };
		CBB425991879E381006E9EB4 /* Images.xcassets in Resources */ = {isa = PBXBuildFile; fileRef = CBB425981879E381006E9EB4 /* Images.xcassets */; };
		CBB425A01879E381006E9EB4 /* XCTest.framework in Frameworks */ = {isa = PBXBuildFile; fileRef = CBB4259F1879E381006E9EB4 /* XCTest.framework */; };
		CBB425A11879E381006E9EB4 /* Foundation.framework in Frameworks */ = {isa = PBXBuildFile; fileRef = CBB425781879E381006E9EB4 /* Foundation.framework */; };
		CBB425A21879E381006E9EB4 /* UIKit.framework in Frameworks */ = {isa = PBXBuildFile; fileRef = CBB4257C1879E381006E9EB4 /* UIKit.framework */; };
		CBB425A31879E381006E9EB4 /* CoreData.framework in Frameworks */ = {isa = PBXBuildFile; fileRef = CBB4257E1879E381006E9EB4 /* CoreData.framework */; };
		CBB425AB1879E381006E9EB4 /* InfoPlist.strings in Resources */ = {isa = PBXBuildFile; fileRef = CBB425A91879E381006E9EB4 /* InfoPlist.strings */; };
		CBB425AD1879E381006E9EB4 /* HelloBeaconTests.m in Sources */ = {isa = PBXBuildFile; fileRef = CBB425AC1879E381006E9EB4 /* HelloBeaconTests.m */; };
		CBB425B71879E996006E9EB4 /* CoreLocation.framework in Frameworks */ = {isa = PBXBuildFile; fileRef = CBB425B61879E996006E9EB4 /* CoreLocation.framework */; };
/* End PBXBuildFile section */

/* Begin PBXContainerItemProxy section */
		CBB425A41879E381006E9EB4 /* PBXContainerItemProxy */ = {
			isa = PBXContainerItemProxy;
			containerPortal = CBB4256D1879E381006E9EB4 /* Project object */;
			proxyType = 1;
			remoteGlobalIDString = CBB425741879E381006E9EB4;
			remoteInfo = HelloBeacon;
		};
/* End PBXContainerItemProxy section */

/* Begin PBXFileReference section */
		CBB425751879E381006E9EB4 /* HelloBeacon.app */ = {isa = PBXFileReference; explicitFileType = wrapper.application; includeInIndex = 0; path = HelloBeacon.app; sourceTree = BUILT_PRODUCTS_DIR; };
		CBB425781879E381006E9EB4 /* Foundation.framework */ = {isa = PBXFileReference; lastKnownFileType = wrapper.framework; name = Foundation.framework; path = System/Library/Frameworks/Foundation.framework; sourceTree = SDKROOT; };
		CBB4257A1879E381006E9EB4 /* CoreGraphics.framework */ = {isa = PBXFileReference; lastKnownFileType = wrapper.framework; name = CoreGraphics.framework; path = System/Library/Frameworks/CoreGraphics.framework; sourceTree = SDKROOT; };
		CBB4257C1879E381006E9EB4 /* UIKit.framework */ = {isa = PBXFileReference; lastKnownFileType = wrapper.framework; name = UIKit.framework; path = System/Library/Frameworks/UIKit.framework; sourceTree = SDKROOT; };
		CBB4257E1879E381006E9EB4 /* CoreData.framework */ = {isa = PBXFileReference; lastKnownFileType = wrapper.framework; name = CoreData.framework; path = System/Library/Frameworks/CoreData.framework; sourceTree = SDKROOT; };
		CBB425821879E381006E9EB4 /* HelloBeacon-Info.plist */ = {isa = PBXFileReference; lastKnownFileType = text.plist.xml; path = "HelloBeacon-Info.plist"; sourceTree = "<group>"; };
		CBB425841879E381006E9EB4 /* en */ = {isa = PBXFileReference; lastKnownFileType = text.plist.strings; name = en; path = en.lproj/InfoPlist.strings; sourceTree = "<group>"; };
		CBB425861879E381006E9EB4 /* main.m */ = {isa = PBXFileReference; lastKnownFileType = sourcecode.c.objc; path = main.m; sourceTree = "<group>"; };
		CBB425881879E381006E9EB4 /* HelloBeacon-Prefix.pch */ = {isa = PBXFileReference; lastKnownFileType = sourcecode.c.h; path = "HelloBeacon-Prefix.pch"; sourceTree = "<group>"; };
		CBB425891879E381006E9EB4 /* AppDelegate.h */ = {isa = PBXFileReference; lastKnownFileType = sourcecode.c.h; path = AppDelegate.h; sourceTree = "<group>"; };
		CBB4258A1879E381006E9EB4 /* AppDelegate.m */ = {isa = PBXFileReference; lastKnownFileType = sourcecode.c.objc; path = AppDelegate.m; sourceTree = "<group>"; };
		CBB4258D1879E381006E9EB4 /* Base */ = {isa = PBXFileReference; lastKnownFileType = file.storyboard; name = Base; path = Base.lproj/Main.storyboard; sourceTree = "<group>"; };
		CBB425901879E381006E9EB4 /* HelloBeacon.xcdatamodel */ = {isa = PBXFileReference; lastKnownFileType = wrapper.xcdatamodel; path = HelloBeacon.xcdatamodel; sourceTree = "<group>"; };
		CBB425921879E381006E9EB4 /* MasterViewController.h */ = {isa = PBXFileReference; lastKnownFileType = sourcecode.c.h; path = MasterViewController.h; sourceTree = "<group>"; };
		CBB425931879E381006E9EB4 /* MasterViewController.m */ = {isa = PBXFileReference; lastKnownFileType = sourcecode.c.objc; path = MasterViewController.m; sourceTree = "<group>"; };
		CBB425981879E381006E9EB4 /* Images.xcassets */ = {isa = PBXFileReference; lastKnownFileType = folder.assetcatalog; path = Images.xcassets; sourceTree = "<group>"; };
		CBB4259E1879E381006E9EB4 /* HelloBeaconTests.xctest */ = {isa = PBXFileReference; explicitFileType = wrapper.cfbundle; includeInIndex = 0; path = HelloBeaconTests.xctest; sourceTree = BUILT_PRODUCTS_DIR; };
		CBB4259F1879E381006E9EB4 /* XCTest.framework */ = {isa = PBXFileReference; lastKnownFileType = wrapper.framework; name = XCTest.framework; path = Library/Frameworks/XCTest.framework; sourceTree = DEVELOPER_DIR; };
		CBB425A81879E381006E9EB4 /* HelloBeaconTests-Info.plist */ = {isa = PBXFileReference; lastKnownFileType = text.plist.xml; path = "HelloBeaconTests-Info.plist"; sourceTree = "<group>"; };
		CBB425AA1879E381006E9EB4 /* en */ = {isa = PBXFileReference; lastKnownFileType = text.plist.strings; name = en; path = en.lproj/InfoPlist.strings; sourceTree = "<group>"; };
		CBB425AC1879E381006E9EB4 /* HelloBeaconTests.m */ = {isa = PBXFileReference; lastKnownFileType = sourcecode.c.objc; path = HelloBeaconTests.m; sourceTree = "<group>"; };
		CBB425B61879E996006E9EB4 /* CoreLocation.framework */ = {isa = PBXFileReference; lastKnownFileType = wrapper.framework; name = CoreLocation.framework; path = System/Library/Frameworks/CoreLocation.framework; sourceTree = SDKROOT; };
/* End PBXFileReference section */

/* Begin PBXFrameworksBuildPhase section */
		CBB425721879E381006E9EB4 /* Frameworks */ = {
			isa = PBXFrameworksBuildPhase;
			buildActionMask = 2147483647;
			files = (
				CBB425B71879E996006E9EB4 /* CoreLocation.framework in Frameworks */,
				CBB4257B1879E381006E9EB4 /* CoreGraphics.framework in Frameworks */,
				CBB4257F1879E381006E9EB4 /* CoreData.framework in Frameworks */,
				CBB4257D1879E381006E9EB4 /* UIKit.framework in Frameworks */,
				CBB425791879E381006E9EB4 /* Foundation.framework in Frameworks */,
			);
			runOnlyForDeploymentPostprocessing = 0;
		};
		CBB4259B1879E381006E9EB4 /* Frameworks */ = {
			isa = PBXFrameworksBuildPhase;
			buildActionMask = 2147483647;
			files = (
				CBB425A01879E381006E9EB4 /* XCTest.framework in Frameworks */,
				CBB425A31879E381006E9EB4 /* CoreData.framework in Frameworks */,
				CBB425A21879E381006E9EB4 /* UIKit.framework in Frameworks */,
				CBB425A11879E381006E9EB4 /* Foundation.framework in Frameworks */,
			);
			runOnlyForDeploymentPostprocessing = 0;
		};
/* End PBXFrameworksBuildPhase section */

/* Begin PBXGroup section */
		CBB4256C1879E381006E9EB4 = {
			isa = PBXGroup;
			children = (
				CBB425801879E381006E9EB4 /* HelloBeacon */,
				CBB425A61879E381006E9EB4 /* HelloBeaconTests */,
				CBB425771879E381006E9EB4 /* Frameworks */,
				CBB425761879E381006E9EB4 /* Products */,
			);
			sourceTree = "<group>";
		};
		CBB425761879E381006E9EB4 /* Products */ = {
			isa = PBXGroup;
			children = (
				CBB425751879E381006E9EB4 /* HelloBeacon.app */,
				CBB4259E1879E381006E9EB4 /* HelloBeaconTests.xctest */,
			);
			name = Products;
			sourceTree = "<group>";
		};
		CBB425771879E381006E9EB4 /* Frameworks */ = {
			isa = PBXGroup;
			children = (
				CBB425B61879E996006E9EB4 /* CoreLocation.framework */,
				CBB425781879E381006E9EB4 /* Foundation.framework */,
				CBB4257A1879E381006E9EB4 /* CoreGraphics.framework */,
				CBB4257C1879E381006E9EB4 /* UIKit.framework */,
				CBB4257E1879E381006E9EB4 /* CoreData.framework */,
				CBB4259F1879E381006E9EB4 /* XCTest.framework */,
			);
			name = Frameworks;
			sourceTree = "<group>";
		};
		CBB425801879E381006E9EB4 /* HelloBeacon */ = {
			isa = PBXGroup;
			children = (
				CBB425891879E381006E9EB4 /* AppDelegate.h */,
				CBB4258A1879E381006E9EB4 /* AppDelegate.m */,
				CBB4258C1879E381006E9EB4 /* Main.storyboard */,
				CBB425921879E381006E9EB4 /* MasterViewController.h */,
				CBB425931879E381006E9EB4 /* MasterViewController.m */,
				CBB425981879E381006E9EB4 /* Images.xcassets */,
				CBB4258F1879E381006E9EB4 /* HelloBeacon.xcdatamodeld */,
				CBB425811879E381006E9EB4 /* Supporting Files */,
			);
			path = HelloBeacon;
			sourceTree = "<group>";
		};
		CBB425811879E381006E9EB4 /* Supporting Files */ = {
			isa = PBXGroup;
			children = (
				CBB425821879E381006E9EB4 /* HelloBeacon-Info.plist */,
				CBB425831879E381006E9EB4 /* InfoPlist.strings */,
				CBB425861879E381006E9EB4 /* main.m */,
				CBB425881879E381006E9EB4 /* HelloBeacon-Prefix.pch */,
			);
			name = "Supporting Files";
			sourceTree = "<group>";
		};
		CBB425A61879E381006E9EB4 /* HelloBeaconTests */ = {
			isa = PBXGroup;
			children = (
				CBB425AC1879E381006E9EB4 /* HelloBeaconTests.m */,
				CBB425A71879E381006E9EB4 /* Supporting Files */,
			);
			path = HelloBeaconTests;
			sourceTree = "<group>";
		};
		CBB425A71879E381006E9EB4 /* Supporting Files */ = {
			isa = PBXGroup;
			children = (
				CBB425A81879E381006E9EB4 /* HelloBeaconTests-Info.plist */,
				CBB425A91879E381006E9EB4 /* InfoPlist.strings */,
			);
			name = "Supporting Files";
			sourceTree = "<group>";
		};
/* End PBXGroup section */

/* Begin PBXNativeTarget section */
		CBB425741879E381006E9EB4 /* HelloBeacon */ = {
			isa = PBXNativeTarget;
			buildConfigurationList = CBB425B01879E381006E9EB4 /* Build configuration list for PBXNativeTarget "HelloBeacon" */;
			buildPhases = (
				CBB425711879E381006E9EB4 /* Sources */,
				CBB425721879E381006E9EB4 /* Frameworks */,
				CBB425731879E381006E9EB4 /* Resources */,
			);
			buildRules = (
			);
			dependencies = (
			);
			name = HelloBeacon;
			productName = HelloBeacon;
			productReference = CBB425751879E381006E9EB4 /* HelloBeacon.app */;
			productType = "com.apple.product-type.application";
		};
		CBB4259D1879E381006E9EB4 /* HelloBeaconTests */ = {
			isa = PBXNativeTarget;
			buildConfigurationList = CBB425B31879E381006E9EB4 /* Build configuration list for PBXNativeTarget "HelloBeaconTests" */;
			buildPhases = (
				CBB4259A1879E381006E9EB4 /* Sources */,
				CBB4259B1879E381006E9EB4 /* Frameworks */,
				CBB4259C1879E381006E9EB4 /* Resources */,
			);
			buildRules = (
			);
			dependencies = (
				CBB425A51879E381006E9EB4 /* PBXTargetDependency */,
			);
			name = HelloBeaconTests;
			productName = HelloBeaconTests;
			productReference = CBB4259E1879E381006E9EB4 /* HelloBeaconTests.xctest */;
			productType = "com.apple.product-type.bundle.unit-test";
		};
/* End PBXNativeTarget section */

/* Begin PBXProject section */
		CBB4256D1879E381006E9EB4 /* Project object */ = {
			isa = PBXProject;
			attributes = {
				LastUpgradeCheck = 0500;
				ORGANIZATIONNAME = bricklife.com;
				TargetAttributes = {
					CBB425741879E381006E9EB4 = {
						SystemCapabilities = {
							com.apple.BackgroundModes = {
								enabled = 1;
							};
						};
					};
					CBB4259D1879E381006E9EB4 = {
						TestTargetID = CBB425741879E381006E9EB4;
					};
				};
			};
			buildConfigurationList = CBB425701879E381006E9EB4 /* Build configuration list for PBXProject "HelloBeacon" */;
			compatibilityVersion = "Xcode 3.2";
			developmentRegion = English;
			hasScannedForEncodings = 0;
			knownRegions = (
				en,
				Base,
			);
			mainGroup = CBB4256C1879E381006E9EB4;
			productRefGroup = CBB425761879E381006E9EB4 /* Products */;
			projectDirPath = "";
			projectRoot = "";
			targets = (
				CBB425741879E381006E9EB4 /* HelloBeacon */,
				CBB4259D1879E381006E9EB4 /* HelloBeaconTests */,
			);
		};
/* End PBXProject section */

/* Begin PBXResourcesBuildPhase section */
		CBB425731879E381006E9EB4 /* Resources */ = {
			isa = PBXResourcesBuildPhase;
			buildActionMask = 2147483647;
			files = (
				CBB425991879E381006E9EB4 /* Images.xcassets in Resources */,
				CBB425851879E381006E9EB4 /* InfoPlist.strings in Resources */,
				CBB4258E1879E381006E9EB4 /* Main.storyboard in Resources */,
			);
			runOnlyForDeploymentPostprocessing = 0;
		};
		CBB4259C1879E381006E9EB4 /* Resources */ = {
			isa = PBXResourcesBuildPhase;
			buildActionMask = 2147483647;
			files = (
				CBB425AB1879E381006E9EB4 /* InfoPlist.strings in Resources */,
			);
			runOnlyForDeploymentPostprocessing = 0;
		};
/* End PBXResourcesBuildPhase section */

/* Begin PBXSourcesBuildPhase section */
		CBB425711879E381006E9EB4 /* Sources */ = {
			isa = PBXSourcesBuildPhase;
			buildActionMask = 2147483647;
			files = (
				CBB425941879E381006E9EB4 /* MasterViewController.m in Sources */,
				CBB4258B1879E381006E9EB4 /* AppDelegate.m in Sources */,
				CBB425871879E381006E9EB4 /* main.m in Sources */,
				CBB425911879E381006E9EB4 /* HelloBeacon.xcdatamodeld in Sources */,
			);
			runOnlyForDeploymentPostprocessing = 0;
		};
		CBB4259A1879E381006E9EB4 /* Sources */ = {
			isa = PBXSourcesBuildPhase;
			buildActionMask = 2147483647;
			files = (
				CBB425AD1879E381006E9EB4 /* HelloBeaconTests.m in Sources */,
			);
			runOnlyForDeploymentPostprocessing = 0;
		};
/* End PBXSourcesBuildPhase section */

/* Begin PBXTargetDependency section */
		CBB425A51879E381006E9EB4 /* PBXTargetDependency */ = {
			isa = PBXTargetDependency;
			target = CBB425741879E381006E9EB4 /* HelloBeacon */;
			targetProxy = CBB425A41879E381006E9EB4 /* PBXContainerItemProxy */;
		};
/* End PBXTargetDependency section */

/* Begin PBXVariantGroup section */
		CBB425831879E381006E9EB4 /* InfoPlist.strings */ = {
			isa = PBXVariantGroup;
			children = (
				CBB425841879E381006E9EB4 /* en */,
			);
			name = InfoPlist.strings;
			sourceTree = "<group>";
		};
		CBB4258C1879E381006E9EB4 /* Main.storyboard */ = {
			isa = PBXVariantGroup;
			children = (
				CBB4258D1879E381006E9EB4 /* Base */,
			);
			name = Main.storyboard;
			sourceTree = "<group>";
		};
		CBB425A91879E381006E9EB4 /* InfoPlist.strings */ = {
			isa = PBXVariantGroup;
			children = (
				CBB425AA1879E381006E9EB4 /* en */,
			);
			name = InfoPlist.strings;
			sourceTree = "<group>";
		};
/* End PBXVariantGroup section */

/* Begin XCBuildConfiguration section */
		CBB425AE1879E381006E9EB4 /* Debug */ = {
			isa = XCBuildConfiguration;
			buildSettings = {
				ALWAYS_SEARCH_USER_PATHS = NO;
				ARCHS = "$(ARCHS_STANDARD_INCLUDING_64_BIT)";
				CLANG_CXX_LANGUAGE_STANDARD = "gnu++0x";
				CLANG_CXX_LIBRARY = "libc++";
				CLANG_ENABLE_MODULES = YES;
				CLANG_ENABLE_OBJC_ARC = YES;
				CLANG_WARN_BOOL_CONVERSION = YES;
				CLANG_WARN_CONSTANT_CONVERSION = YES;
				CLANG_WARN_DIRECT_OBJC_ISA_USAGE = YES_ERROR;
				CLANG_WARN_EMPTY_BODY = YES;
				CLANG_WARN_ENUM_CONVERSION = YES;
				CLANG_WARN_INT_CONVERSION = YES;
				CLANG_WARN_OBJC_ROOT_CLASS = YES_ERROR;
				CLANG_WARN__DUPLICATE_METHOD_MATCH = YES;
				"CODE_SIGN_IDENTITY[sdk=iphoneos*]" = "iPhone Developer";
				COPY_PHASE_STRIP = NO;
				GCC_C_LANGUAGE_STANDARD = gnu99;
				GCC_DYNAMIC_NO_PIC = NO;
				GCC_OPTIMIZATION_LEVEL = 0;
				GCC_PREPROCESSOR_DEFINITIONS = (
					"DEBUG=1",
					"$(inherited)",
				);
				GCC_SYMBOLS_PRIVATE_EXTERN = NO;
				GCC_WARN_64_TO_32_BIT_CONVERSION = YES;
				GCC_WARN_ABOUT_RETURN_TYPE = YES_ERROR;
				GCC_WARN_UNDECLARED_SELECTOR = YES;
				GCC_WARN_UNINITIALIZED_AUTOS = YES;
				GCC_WARN_UNUSED_FUNCTION = YES;
				GCC_WARN_UNUSED_VARIABLE = YES;
				IPHONEOS_DEPLOYMENT_TARGET = 7.0;
				ONLY_ACTIVE_ARCH = YES;
				SDKROOT = iphoneos;
			};
			name = Debug;
		};
		CBB425AF1879E381006E9EB4 /* Release */ = {
			isa = XCBuildConfiguration;
			buildSettings = {
				ALWAYS_SEARCH_USER_PATHS = NO;
				ARCHS = "$(ARCHS_STANDARD_INCLUDING_64_BIT)";
				CLANG_CXX_LANGUAGE_STANDARD = "gnu++0x";
				CLANG_CXX_LIBRARY = "libc++";
				CLANG_ENABLE_MODULES = YES;
				CLANG_ENABLE_OBJC_ARC = YES;
				CLANG_WARN_BOOL_CONVERSION = YES;
				CLANG_WARN_CONSTANT_CONVERSION = YES;
				CLANG_WARN_DIRECT_OBJC_ISA_USAGE = YES_ERROR;
				CLANG_WARN_EMPTY_BODY = YES;
				CLANG_WARN_ENUM_CONVERSION = YES;
				CLANG_WARN_INT_CONVERSION = YES;
				CLANG_WARN_OBJC_ROOT_CLASS = YES_ERROR;
				CLANG_WARN__DUPLICATE_METHOD_MATCH = YES;
				"CODE_SIGN_IDENTITY[sdk=iphoneos*]" = "iPhone Developer";
				COPY_PHASE_STRIP = YES;
				ENABLE_NS_ASSERTIONS = NO;
				GCC_C_LANGUAGE_STANDARD = gnu99;
				GCC_WARN_64_TO_32_BIT_CONVERSION = YES;
				GCC_WARN_ABOUT_RETURN_TYPE = YES_ERROR;
				GCC_WARN_UNDECLARED_SELECTOR = YES;
				GCC_WARN_UNINITIALIZED_AUTOS = YES;
				GCC_WARN_UNUSED_FUNCTION = YES;
				GCC_WARN_UNUSED_VARIABLE = YES;
				IPHONEOS_DEPLOYMENT_TARGET = 7.0;
				SDKROOT = iphoneos;
				VALIDATE_PRODUCT = YES;
			};
			name = Release;
		};
		CBB425B11879E381006E9EB4 /* Debug */ = {
			isa = XCBuildConfiguration;
			buildSettings = {
				ASSETCATALOG_COMPILER_APPICON_NAME = AppIcon;
				ASSETCATALOG_COMPILER_LAUNCHIMAGE_NAME = LaunchImage;
				GCC_PRECOMPILE_PREFIX_HEADER = YES;
				GCC_PREFIX_HEADER = "HelloBeacon/HelloBeacon-Prefix.pch";
				INFOPLIST_FILE = "HelloBeacon/HelloBeacon-Info.plist";
				PRODUCT_NAME = "$(TARGET_NAME)";
				WRAPPER_EXTENSION = app;
			};
			name = Debug;
		};
		CBB425B21879E381006E9EB4 /* Release */ = {
			isa = XCBuildConfiguration;
			buildSettings = {
				ASSETCATALOG_COMPILER_APPICON_NAME = AppIcon;
				ASSETCATALOG_COMPILER_LAUNCHIMAGE_NAME = LaunchImage;
				GCC_PRECOMPILE_PREFIX_HEADER = YES;
				GCC_PREFIX_HEADER = "HelloBeacon/HelloBeacon-Prefix.pch";
				INFOPLIST_FILE = "HelloBeacon/HelloBeacon-Info.plist";
				PRODUCT_NAME = "$(TARGET_NAME)";
				WRAPPER_EXTENSION = app;
			};
			name = Release;
		};
		CBB425B41879E381006E9EB4 /* Debug */ = {
			isa = XCBuildConfiguration;
			buildSettings = {
				ARCHS = "$(ARCHS_STANDARD_INCLUDING_64_BIT)";
				BUNDLE_LOADER = "$(BUILT_PRODUCTS_DIR)/HelloBeacon.app/HelloBeacon";
				FRAMEWORK_SEARCH_PATHS = (
					"$(SDKROOT)/Developer/Library/Frameworks",
					"$(inherited)",
					"$(DEVELOPER_FRAMEWORKS_DIR)",
				);
				GCC_PRECOMPILE_PREFIX_HEADER = YES;
				GCC_PREFIX_HEADER = "HelloBeacon/HelloBeacon-Prefix.pch";
				GCC_PREPROCESSOR_DEFINITIONS = (
					"DEBUG=1",
					"$(inherited)",
				);
				INFOPLIST_FILE = "HelloBeaconTests/HelloBeaconTests-Info.plist";
				PRODUCT_NAME = "$(TARGET_NAME)";
				TEST_HOST = "$(BUNDLE_LOADER)";
				WRAPPER_EXTENSION = xctest;
			};
			name = Debug;
		};
		CBB425B51879E381006E9EB4 /* Release */ = {
			isa = XCBuildConfiguration;
			buildSettings = {
				ARCHS = "$(ARCHS_STANDARD_INCLUDING_64_BIT)";
				BUNDLE_LOADER = "$(BUILT_PRODUCTS_DIR)/HelloBeacon.app/HelloBeacon";
				FRAMEWORK_SEARCH_PATHS = (
					"$(SDKROOT)/Developer/Library/Frameworks",
					"$(inherited)",
					"$(DEVELOPER_FRAMEWORKS_DIR)",
				);
				GCC_PRECOMPILE_PREFIX_HEADER = YES;
				GCC_PREFIX_HEADER = "HelloBeacon/HelloBeacon-Prefix.pch";
				INFOPLIST_FILE = "HelloBeaconTests/HelloBeaconTests-Info.plist";
				PRODUCT_NAME = "$(TARGET_NAME)";
				TEST_HOST = "$(BUNDLE_LOADER)";
				WRAPPER_EXTENSION = xctest;
			};
			name = Release;
		};
/* End XCBuildConfiguration section */

/* Begin XCConfigurationList section */
		CBB425701879E381006E9EB4 /* Build configuration list for PBXProject "HelloBeacon" */ = {
			isa = XCConfigurationList;
			buildConfigurations = (
				CBB425AE1879E381006E9EB4 /* Debug */,
				CBB425AF1879E381006E9EB4 /* Release */,
			);
			defaultConfigurationIsVisible = 0;
			defaultConfigurationName = Release;
		};
		CBB425B01879E381006E9EB4 /* Build configuration list for PBXNativeTarget "HelloBeacon" */ = {
			isa = XCConfigurationList;
			buildConfigurations = (
				CBB425B11879E381006E9EB4 /* Debug */,
				CBB425B21879E381006E9EB4 /* Release */,
			);
			defaultConfigurationIsVisible = 0;
		};
		CBB425B31879E381006E9EB4 /* Build configuration list for PBXNativeTarget "HelloBeaconTests" */ = {
			isa = XCConfigurationList;
			buildConfigurations = (
				CBB425B41879E381006E9EB4 /* Debug */,
				CBB425B51879E381006E9EB4 /* Release */,
			);
			defaultConfigurationIsVisible = 0;
		};
/* End XCConfigurationList section */

/* Begin XCVersionGroup section */
		CBB4258F1879E381006E9EB4 /* HelloBeacon.xcdatamodeld */ = {
			isa = XCVersionGroup;
			children = (
				CBB425901879E381006E9EB4 /* HelloBeacon.xcdatamodel */,
			);
			currentVersion = CBB425901879E381006E9EB4 /* HelloBeacon.xcdatamodel */;
			path = HelloBeacon.xcdatamodeld;
			sourceTree = "<group>";
			versionGroupType = wrapper.xcdatamodel;
		};
/* End XCVersionGroup section */
	};
	rootObject = CBB4256D1879E381006E9EB4 /* Project object */;
}
